
Microsoft Visual Studio Solution File, Format Version 12.00
# Visual Studio Version 17
VisualStudioVersion = 17.4.33205.214
MinimumVisualStudioVersion = 10.0.40219.1
Project("{FAE04EC0-301F-11D3-BF4B-00C04F79EFBC}") = "Formula1", "Formula1.csproj", "{0ED58D98-CCBE-4EC8-9B6C-7A02FF09601C}"
EndProject
Global
	GlobalSection(SolutionConfigurationPlatforms) = preSolution
		Debug|Any CPU = Debug|Any CPU
		Release|Any CPU = Release|Any CPU
	EndGlobalSection
	GlobalSection(ProjectConfigurationPlatforms) = postSolution
		{0ED58D98-CCBE-4EC8-9B6C-7A02FF09601C}.Debug|Any CPU.ActiveCfg = Debug|Any CPU
		{0ED58D98-CCBE-4EC8-9B6C-7A02FF09601C}.Debug|Any CPU.Build.0 = Debug|Any CPU
		{0ED58D98-CCBE-4EC8-9B6C-7A02FF09601C}.Release|Any CPU.ActiveCfg = Release|Any CPU
		{0ED58D98-CCBE-4EC8-9B6C-7A02FF09601C}.Release|Any CPU.Build.0 = Release|Any CPU
	EndGlobalSection
	GlobalSection(SolutionProperties) = preSolution
		HideSolutionNode = FALSE
	EndGlobalSection
	GlobalSection(ExtensibilityGlobals) = postSolution
		SolutionGuid = {A6051831-2271-47B3-B35D-9492E810850D}
	EndGlobalSection
EndGlobal
